
Microsoft Visual Studio Solution File, Format Version 11.00
# Visual Studio 2010
Project("{FAE04EC0-301F-11D3-BF4B-00C04F79EFBC}") = "Weaver.Content.Pipeline", "Weaver.Content.Pipeline\Weaver.Content.Pipeline.csproj", "{3136059A-487D-456C-864E-536E50755A05}"
EndProject
Project("{FAE04EC0-301F-11D3-BF4B-00C04F79EFBC}") = "Weaver.Content.Pipeline.Tests", "Weaver.Content.Pipeline.Tests\Weaver.Content.Pipeline.Tests.csproj", "{AAEB5E91-A916-4D7C-AE6C-6D7D32BDFBF6}"
EndProject
Global
	GlobalSection(SolutionConfigurationPlatforms) = preSolution
		Debug|Any CPU = Debug|Any CPU
		Debug|Mixed Platforms = Debug|Mixed Platforms
		Debug|x86 = Debug|x86
		Release|Any CPU = Release|Any CPU
		Release|Mixed Platforms = Release|Mixed Platforms
		Release|x86 = Release|x86
	EndGlobalSection
	GlobalSection(ProjectConfigurationPlatforms) = postSolution
		{3136059A-487D-456C-864E-536E50755A05}.Debug|Any CPU.ActiveCfg = Debug|x86
		{3136059A-487D-456C-864E-536E50755A05}.Debug|Mixed Platforms.ActiveCfg = Debug|x86
		{3136059A-487D-456C-864E-536E50755A05}.Debug|Mixed Platforms.Build.0 = Debug|x86
		{3136059A-487D-456C-864E-536E50755A05}.Debug|x86.ActiveCfg = Debug|x86
		{3136059A-487D-456C-864E-536E50755A05}.Debug|x86.Build.0 = Debug|x86
		{3136059A-487D-456C-864E-536E50755A05}.Release|Any CPU.ActiveCfg = Debug|x86
		{3136059A-487D-456C-864E-536E50755A05}.Release|Mixed Platforms.ActiveCfg = Debug|x86
		{3136059A-487D-456C-864E-536E50755A05}.Release|Mixed Platforms.Build.0 = Debug|x86
		{3136059A-487D-456C-864E-536E50755A05}.Release|x86.ActiveCfg = Debug|x86
		{3136059A-487D-456C-864E-536E50755A05}.Release|x86.Build.0 = Debug|x86
		{AAEB5E91-A916-4D7C-AE6C-6D7D32BDFBF6}.Debug|Any CPU.ActiveCfg = Debug|Any CPU
		{AAEB5E91-A916-4D7C-AE6C-6D7D32BDFBF6}.Debug|Any CPU.Build.0 = Debug|Any CPU
		{AAEB5E91-A916-4D7C-AE6C-6D7D32BDFBF6}.Debug|Mixed Platforms.ActiveCfg = Debug|Any CPU
		{AAEB5E91-A916-4D7C-AE6C-6D7D32BDFBF6}.Debug|Mixed Platforms.Build.0 = Debug|Any CPU
		{AAEB5E91-A916-4D7C-AE6C-6D7D32BDFBF6}.Debug|x86.ActiveCfg = Debug|Any CPU
		{AAEB5E91-A916-4D7C-AE6C-6D7D32BDFBF6}.Release|Any CPU.ActiveCfg = Release|Any CPU
		{AAEB5E91-A916-4D7C-AE6C-6D7D32BDFBF6}.Release|Any CPU.Build.0 = Release|Any CPU
		{AAEB5E91-A916-4D7C-AE6C-6D7D32BDFBF6}.Release|Mixed Platforms.ActiveCfg = Release|Any CPU
		{AAEB5E91-A916-4D7C-AE6C-6D7D32BDFBF6}.Release|Mixed Platforms.Build.0 = Release|Any CPU
		{AAEB5E91-A916-4D7C-AE6C-6D7D32BDFBF6}.Release|x86.ActiveCfg = Release|Any CPU
	EndGlobalSection
	GlobalSection(SolutionProperties) = preSolution
		HideSolutionNode = FALSE
	EndGlobalSection
EndGlobal
